
Microsoft Visual Studio Solution File, Format Version 12.00
# Visual Studio Version 17
VisualStudioVersion = 17.13.35828.75 d17.13
MinimumVisualStudioVersion = 10.0.40219.1
Project("{54A90642-561A-4BB1-A94E-469ADEE60C69}") = "objecttracking.client", "objecttracking.client\objecttracking.client.esproj", "{B9436245-7241-1643-7ED7-89E87D58C81E}"
EndProject
Project("{FAE04EC0-301F-11D3-BF4B-00C04F79EFBC}") = "ObjectTracking.Server", "ObjectTracking.Server\ObjectTracking.Server.csproj", "{E940EA34-5720-45E9-B21C-264170708E2F}"
EndProject
Global
	GlobalSection(SolutionConfigurationPlatforms) = preSolution
		Debug|Any CPU = Debug|Any CPU
		Release|Any CPU = Release|Any CPU
	EndGlobalSection
	GlobalSection(ProjectConfigurationPlatforms) = postSolution
		{B9436245-7241-1643-7ED7-89E87D58C81E}.Debug|Any CPU.ActiveCfg = Debug|Any CPU
		{B9436245-7241-1643-7ED7-89E87D58C81E}.Debug|Any CPU.Build.0 = Debug|Any CPU
		{B9436245-7241-1643-7ED7-89E87D58C81E}.Debug|Any CPU.Deploy.0 = Debug|Any CPU
		{B9436245-7241-1643-7ED7-89E87D58C81E}.Release|Any CPU.ActiveCfg = Release|Any CPU
		{B9436245-7241-1643-7ED7-89E87D58C81E}.Release|Any CPU.Build.0 = Release|Any CPU
		{B9436245-7241-1643-7ED7-89E87D58C81E}.Release|Any CPU.Deploy.0 = Release|Any CPU
		{E940EA34-5720-45E9-B21C-264170708E2F}.Debug|Any CPU.ActiveCfg = Debug|Any CPU
		{E940EA34-5720-45E9-B21C-264170708E2F}.Debug|Any CPU.Build.0 = Debug|Any CPU
		{E940EA34-5720-45E9-B21C-264170708E2F}.Release|Any CPU.ActiveCfg = Release|Any CPU
		{E940EA34-5720-45E9-B21C-264170708E2F}.Release|Any CPU.Build.0 = Release|Any CPU
	EndGlobalSection
	GlobalSection(SolutionProperties) = preSolution
		HideSolutionNode = FALSE
	EndGlobalSection
	GlobalSection(ExtensibilityGlobals) = postSolution
		SolutionGuid = {A304ACCE-ED27-4985-BB7A-EC1522CFD536}
	EndGlobalSection
EndGlobal
